
Microsoft Visual Studio Solution File, Format Version 12.00
# Visual Studio Version 16
VisualStudioVersion = 16.0.31702.278
MinimumVisualStudioVersion = 10.0.40219.1
Project("{FAE04EC0-301F-11D3-BF4B-00C04F79EFBC}") = "Parejas", "Parejas\Parejas.csproj", "{79147D9D-399D-4D59-AE7C-B88F781462BE}"
EndProject
Global
	GlobalSection(SolutionConfigurationPlatforms) = preSolution
		Debug|Any CPU = Debug|Any CPU
		Release|Any CPU = Release|Any CPU
	EndGlobalSection
	GlobalSection(ProjectConfigurationPlatforms) = postSolution
		{79147D9D-399D-4D59-AE7C-B88F781462BE}.Debug|Any CPU.ActiveCfg = Debug|Any CPU
		{79147D9D-399D-4D59-AE7C-B88F781462BE}.Debug|Any CPU.Build.0 = Debug|Any CPU
		{79147D9D-399D-4D59-AE7C-B88F781462BE}.Release|Any CPU.ActiveCfg = Release|Any CPU
		{79147D9D-399D-4D59-AE7C-B88F781462BE}.Release|Any CPU.Build.0 = Release|Any CPU
	EndGlobalSection
	GlobalSection(SolutionProperties) = preSolution
		HideSolutionNode = FALSE
	EndGlobalSection
	GlobalSection(ExtensibilityGlobals) = postSolution
		SolutionGuid = {C32DC1FA-5601-4B4E-A9F7-3173E9989646}
	EndGlobalSection
EndGlobal
